// !$*UTF8*$!
{
	archiveVersion = 1;
	classes = {
	};
	objectVersion = 50;
	objects = {

/* Begin PBXBuildFile section */
		AAEB5A3F229E1C1700AFE1B3 /* html.cpp in Sources */ = {isa = PBXBuildFile; fileRef = AAEB5A39229E1C1700AFE1B3 /* html.cpp */; };
		AAEB5A40229E1C1700AFE1B3 /* main.cpp in Sources */ = {isa = PBXBuildFile; fileRef = AAEB5A3B229E1C1700AFE1B3 /* main.cpp */; };
		AAEB5A41229E1C1700AFE1B3 /* HW.cpp in Sources */ = {isa = PBXBuildFile; fileRef = AAEB5A3D229E1C1700AFE1B3 /* HW.cpp */; };
/* End PBXBuildFile section */

/* Begin PBXCopyFilesBuildPhase section */
		AAEB5A2A229E1BE700AFE1B3 /* CopyFiles */ = {
			isa = PBXCopyFilesBuildPhase;
			buildActionMask = 2147483647;
			dstPath = /usr/share/man/man1/;
			dstSubfolderSpec = 0;
			files = (
			);
			runOnlyForDeploymentPostprocessing = 1;
		};
/* End PBXCopyFilesBuildPhase section */

/* Begin PBXFileReference section */
		AAEB5A2C229E1BE700AFE1B3 /* QishiDesignPattern */ = {isa = PBXFileReference; explicitFileType = "compiled.mach-o.executable"; includeInIndex = 0; path = QishiDesignPattern; sourceTree = BUILT_PRODUCTS_DIR; };
		AAEB5A39229E1C1700AFE1B3 /* html.cpp */ = {isa = PBXFileReference; fileEncoding = 4; lastKnownFileType = sourcecode.cpp.cpp; path = html.cpp; sourceTree = "<group>"; };
		AAEB5A3A229E1C1700AFE1B3 /* html.hpp */ = {isa = PBXFileReference; fileEncoding = 4; lastKnownFileType = sourcecode.cpp.h; path = html.hpp; sourceTree = "<group>"; };
		AAEB5A3B229E1C1700AFE1B3 /* main.cpp */ = {isa = PBXFileReference; fileEncoding = 4; lastKnownFileType = sourcecode.cpp.cpp; path = main.cpp; sourceTree = "<group>"; };
		AAEB5A3D229E1C1700AFE1B3 /* HW.cpp */ = {isa = PBXFileReference; fileEncoding = 4; lastKnownFileType = sourcecode.cpp.cpp; path = HW.cpp; sourceTree = "<group>"; };
		AAEB5A3E229E1C1700AFE1B3 /* HW.hpp */ = {isa = PBXFileReference; fileEncoding = 4; lastKnownFileType = sourcecode.cpp.h; path = HW.hpp; sourceTree = "<group>"; };
/* End PBXFileReference section */

/* Begin PBXFrameworksBuildPhase section */
		AAEB5A29229E1BE700AFE1B3 /* Frameworks */ = {
			isa = PBXFrameworksBuildPhase;
			buildActionMask = 2147483647;
			files = (
			);
			runOnlyForDeploymentPostprocessing = 0;
		};
/* End PBXFrameworksBuildPhase section */

/* Begin PBXGroup section */
		AAEB5A23229E1BE700AFE1B3 = {
			isa = PBXGroup;
			children = (
				AAEB5A2E229E1BE700AFE1B3 /* QishiDesignPattern */,
				AAEB5A2D229E1BE700AFE1B3 /* Products */,
			);
			sourceTree = "<group>";
		};
		AAEB5A2D229E1BE700AFE1B3 /* Products */ = {
			isa = PBXGroup;
			children = (
				AAEB5A2C229E1BE700AFE1B3 /* QishiDesignPattern */,
			);
			name = Products;
			sourceTree = "<group>";
		};
		AAEB5A2E229E1BE700AFE1B3 /* QishiDesignPattern */ = {
			isa = PBXGroup;
			children = (
				AAEB5A36229E1C1700AFE1B3 /* Builder3 */,
				AAEB5A3C229E1C1700AFE1B3 /* Template20 */,
			);
			path = QishiDesignPattern;
			sourceTree = "<group>";
		};
		AAEB5A36229E1C1700AFE1B3 /* Builder3 */ = {
			isa = PBXGroup;
			children = (
				AAEB5A37229E1C1700AFE1B3 /* Exercise2 */,
				AAEB5A38229E1C1700AFE1B3 /* Exercise1 */,
			);
			path = Builder3;
			sourceTree = "<group>";
		};
		AAEB5A37229E1C1700AFE1B3 /* Exercise2 */ = {
			isa = PBXGroup;
			children = (
			);
			path = Exercise2;
			sourceTree = "<group>";
		};
		AAEB5A38229E1C1700AFE1B3 /* Exercise1 */ = {
			isa = PBXGroup;
			children = (
				AAEB5A39229E1C1700AFE1B3 /* html.cpp */,
				AAEB5A3A229E1C1700AFE1B3 /* html.hpp */,
				AAEB5A3B229E1C1700AFE1B3 /* main.cpp */,
			);
			path = Exercise1;
			sourceTree = "<group>";
		};
		AAEB5A3C229E1C1700AFE1B3 /* Template20 */ = {
			isa = PBXGroup;
			children = (
				AAEB5A3D229E1C1700AFE1B3 /* HW.cpp */,
				AAEB5A3E229E1C1700AFE1B3 /* HW.hpp */,
			);
			path = Template20;
			sourceTree = "<group>";
		};
/* End PBXGroup section */

/* Begin PBXNativeTarget section */
		AAEB5A2B229E1BE700AFE1B3 /* QishiDesignPattern */ = {
			isa = PBXNativeTarget;
			buildConfigurationList = AAEB5A33229E1BE700AFE1B3 /* Build configuration list for PBXNativeTarget "QishiDesignPattern" */;
			buildPhases = (
				AAEB5A28229E1BE700AFE1B3 /* Sources */,
				AAEB5A29229E1BE700AFE1B3 /* Frameworks */,
				AAEB5A2A229E1BE700AFE1B3 /* CopyFiles */,
			);
			buildRules = (
			);
			dependencies = (
			);
			name = QishiDesignPattern;
			productName = QishiDesignPattern;
			productReference = AAEB5A2C229E1BE700AFE1B3 /* QishiDesignPattern */;
			productType = "com.apple.product-type.tool";
		};
/* End PBXNativeTarget section */

/* Begin PBXProject section */
		AAEB5A24229E1BE700AFE1B3 /* Project object */ = {
			isa = PBXProject;
			attributes = {
				LastUpgradeCheck = 1020;
				ORGANIZATIONNAME = "Qiushi Li";
				TargetAttributes = {
					AAEB5A2B229E1BE700AFE1B3 = {
						CreatedOnToolsVersion = 10.2.1;
					};
				};
			};
			buildConfigurationList = AAEB5A27229E1BE700AFE1B3 /* Build configuration list for PBXProject "QishiDesignPattern" */;
			compatibilityVersion = "Xcode 9.3";
			developmentRegion = en;
			hasScannedForEncodings = 0;
			knownRegions = (
				en,
			);
			mainGroup = AAEB5A23229E1BE700AFE1B3;
			productRefGroup = AAEB5A2D229E1BE700AFE1B3 /* Products */;
			projectDirPath = "";
			projectRoot = "";
			targets = (
				AAEB5A2B229E1BE700AFE1B3 /* QishiDesignPattern */,
			);
		};
/* End PBXProject section */

/* Begin PBXSourcesBuildPhase section */
		AAEB5A28229E1BE700AFE1B3 /* Sources */ = {
			isa = PBXSourcesBuildPhase;
			buildActionMask = 2147483647;
			files = (
				AAEB5A40229E1C1700AFE1B3 /* main.cpp in Sources */,
				AAEB5A41229E1C1700AFE1B3 /* HW.cpp in Sources */,
				AAEB5A3F229E1C1700AFE1B3 /* html.cpp in Sources */,
			);
			runOnlyForDeploymentPostprocessing = 0;
		};
/* End PBXSourcesBuildPhase section */

/* Begin XCBuildConfiguration section */
		AAEB5A31229E1BE700AFE1B3 /* Debug */ = {
			isa = XCBuildConfiguration;
			buildSettings = {
				ALWAYS_SEARCH_USER_PATHS = NO;
				CLANG_ANALYZER_NONNULL = YES;
				CLANG_ANALYZER_NUMBER_OBJECT_CONVERSION = YES_AGGRESSIVE;
				CLANG_CXX_LANGUAGE_STANDARD = "gnu++14";
				CLANG_CXX_LIBRARY = "libc++";
				CLANG_ENABLE_MODULES = YES;
				CLANG_ENABLE_OBJC_ARC = YES;
				CLANG_ENABLE_OBJC_WEAK = YES;
				CLANG_WARN_BLOCK_CAPTURE_AUTORELEASING = YES;
				CLANG_WARN_BOOL_CONVERSION = YES;
				CLANG_WARN_COMMA = YES;
				CLANG_WARN_CONSTANT_CONVERSION = YES;
				CLANG_WARN_DEPRECATED_OBJC_IMPLEMENTATIONS = YES;
				CLANG_WARN_DIRECT_OBJC_ISA_USAGE = YES_ERROR;
				CLANG_WARN_DOCUMENTATION_COMMENTS = YES;
				CLANG_WARN_EMPTY_BODY = YES;
				CLANG_WARN_ENUM_CONVERSION = YES;
				CLANG_WARN_INFINITE_RECURSION = YES;
				CLANG_WARN_INT_CONVERSION = YES;
				CLANG_WARN_NON_LITERAL_NULL_CONVERSION = YES;
				CLANG_WARN_OBJC_IMPLICIT_RETAIN_SELF = YES;
				CLANG_WARN_OBJC_LITERAL_CONVERSION = YES;
				CLANG_WARN_OBJC_ROOT_CLASS = YES_ERROR;
				CLANG_WARN_RANGE_LOOP_ANALYSIS = YES;
				CLANG_WARN_STRICT_PROTOTYPES = YES;
				CLANG_WARN_SUSPICIOUS_MOVE = YES;
				CLANG_WARN_UNGUARDED_AVAILABILITY = YES_AGGRESSIVE;
				CLANG_WARN_UNREACHABLE_CODE = YES;
				CLANG_WARN__DUPLICATE_METHOD_MATCH = YES;
				CODE_SIGN_IDENTITY = "-";
				COPY_PHASE_STRIP = NO;
				DEBUG_INFORMATION_FORMAT = dwarf;
				ENABLE_STRICT_OBJC_MSGSEND = YES;
				ENABLE_TESTABILITY = YES;
				GCC_C_LANGUAGE_STANDARD = gnu11;
				GCC_DYNAMIC_NO_PIC = NO;
				GCC_NO_COMMON_BLOCKS = YES;
				GCC_OPTIMIZATION_LEVEL = 0;
				GCC_PREPROCESSOR_DEFINITIONS = (
					"DEBUG=1",
					"$(inherited)",
				);
				GCC_WARN_64_TO_32_BIT_CONVERSION = YES;
				GCC_WARN_ABOUT_RETURN_TYPE = YES_ERROR;
				GCC_WARN_UNDECLARED_SELECTOR = YES;
				GCC_WARN_UNINITIALIZED_AUTOS = YES_AGGRESSIVE;
				GCC_WARN_UNUSED_FUNCTION = YES;
				GCC_WARN_UNUSED_VARIABLE = YES;
				MACOSX_DEPLOYMENT_TARGET = 10.14;
				MTL_ENABLE_DEBUG_INFO = INCLUDE_SOURCE;
				MTL_FAST_MATH = YES;
				ONLY_ACTIVE_ARCH = YES;
				SDKROOT = macosx;
			};
			name = Debug;
		};
		AAEB5A32229E1BE700AFE1B3 /* Release */ = {
			isa = XCBuildConfiguration;
			buildSettings = {
				ALWAYS_SEARCH_USER_PATHS = NO;
				CLANG_ANALYZER_NONNULL = YES;
				CLANG_ANALYZER_NUMBER_OBJECT_CONVERSION = YES_AGGRESSIVE;
				CLANG_CXX_LANGUAGE_STANDARD = "gnu++14";
				CLANG_CXX_LIBRARY = "libc++";
				CLANG_ENABLE_MODULES = YES;
				CLANG_ENABLE_OBJC_ARC = YES;
				CLANG_ENABLE_OBJC_WEAK = YES;
				CLANG_WARN_BLOCK_CAPTURE_AUTORELEASING = YES;
				CLANG_WARN_BOOL_CONVERSION = YES;
				CLANG_WARN_COMMA = YES;
				CLANG_WARN_CONSTANT_CONVERSION = YES;
				CLANG_WARN_DEPRECATED_OBJC_IMPLEMENTATIONS = YES;
				CLANG_WARN_DIRECT_OBJC_ISA_USAGE = YES_ERROR;
				CLANG_WARN_DOCUMENTATION_COMMENTS = YES;
				CLANG_WARN_EMPTY_BODY = YES;
				CLANG_WARN_ENUM_CONVERSION = YES;
				CLANG_WARN_INFINITE_RECURSION = YES;
				CLANG_WARN_INT_CONVERSION = YES;
				CLANG_WARN_NON_LITERAL_NULL_CONVERSION = YES;
				CLANG_WARN_OBJC_IMPLICIT_RETAIN_SELF = YES;
				CLANG_WARN_OBJC_LITERAL_CONVERSION = YES;
				CLANG_WARN_OBJC_ROOT_CLASS = YES_ERROR;
				CLANG_WARN_RANGE_LOOP_ANALYSIS = YES;
				CLANG_WARN_STRICT_PROTOTYPES = YES;
				CLANG_WARN_SUSPICIOUS_MOVE = YES;
				CLANG_WARN_UNGUARDED_AVAILABILITY = YES_AGGRESSIVE;
				CLANG_WARN_UNREACHABLE_CODE = YES;
				CLANG_WARN__DUPLICATE_METHOD_MATCH = YES;
				CODE_SIGN_IDENTITY = "-";
				COPY_PHASE_STRIP = NO;
				DEBUG_INFORMATION_FORMAT = "dwarf-with-dsym";
				ENABLE_NS_ASSERTIONS = NO;
				ENABLE_STRICT_OBJC_MSGSEND = YES;
				GCC_C_LANGUAGE_STANDARD = gnu11;
				GCC_NO_COMMON_BLOCKS = YES;
				GCC_WARN_64_TO_32_BIT_CONVERSION = YES;
				GCC_WARN_ABOUT_RETURN_TYPE = YES_ERROR;
				GCC_WARN_UNDECLARED_SELECTOR = YES;
				GCC_WARN_UNINITIALIZED_AUTOS = YES_AGGRESSIVE;
				GCC_WARN_UNUSED_FUNCTION = YES;
				GCC_WARN_UNUSED_VARIABLE = YES;
				MACOSX_DEPLOYMENT_TARGET = 10.14;
				MTL_ENABLE_DEBUG_INFO = NO;
				MTL_FAST_MATH = YES;
				SDKROOT = macosx;
			};
			name = Release;
		};
		AAEB5A34229E1BE700AFE1B3 /* Debug */ = {
			isa = XCBuildConfiguration;
			buildSettings = {
				CODE_SIGN_STYLE = Automatic;
				PRODUCT_NAME = "$(TARGET_NAME)";
			};
			name = Debug;
		};
		AAEB5A35229E1BE700AFE1B3 /* Release */ = {
			isa = XCBuildConfiguration;
			buildSettings = {
				CODE_SIGN_STYLE = Automatic;
				PRODUCT_NAME = "$(TARGET_NAME)";
			};
			name = Release;
		};
/* End XCBuildConfiguration section */

/* Begin XCConfigurationList section */
		AAEB5A27229E1BE700AFE1B3 /* Build configuration list for PBXProject "QishiDesignPattern" */ = {
			isa = XCConfigurationList;
			buildConfigurations = (
				AAEB5A31229E1BE700AFE1B3 /* Debug */,
				AAEB5A32229E1BE700AFE1B3 /* Release */,
			);
			defaultConfigurationIsVisible = 0;
			defaultConfigurationName = Release;
		};
		AAEB5A33229E1BE700AFE1B3 /* Build configuration list for PBXNativeTarget "QishiDesignPattern" */ = {
			isa = XCConfigurationList;
			buildConfigurations = (
				AAEB5A34229E1BE700AFE1B3 /* Debug */,
				AAEB5A35229E1BE700AFE1B3 /* Release */,
			);
			defaultConfigurationIsVisible = 0;
			defaultConfigurationName = Release;
		};
/* End XCConfigurationList section */
	};
	rootObject = AAEB5A24229E1BE700AFE1B3 /* Project object */;
}
